
Microsoft Visual Studio Solution File, Format Version 12.00
# Visual Studio 14
VisualStudioVersion = 14.0.25420.1
MinimumVisualStudioVersion = 10.0.40219.1
Project("{8BC9CEB8-8B4A-11D0-8D11-00A0C91BC942}") = "Log4cppTest", "Log4cppTest\Log4cppTest.vcxproj", "{158E4DF6-2354-4A55-BA3D-8FE8BC264085}"
EndProject
Project("{8BC9CEB8-8B4A-11D0-8D11-00A0C91BC942}") = "Log4cppConfigTest", "Log4cppConfigTest\Log4cppConfigTest.vcxproj", "{652677B2-0C4E-4BA6-A8BC-BB6A3FE54043}"
EndProject
Project("{2150E333-8FDC-42A3-9474-1A3956D46DE8}") = "libs", "libs", "{3EB59E1F-BB0E-4277-A92C-67383C9D3114}"
	ProjectSection(SolutionItems) = preProject
		..\README.MD = ..\README.MD
	EndProjectSection
EndProject
Project("{2150E333-8FDC-42A3-9474-1A3956D46DE8}") = "include", "include", "{593BB0E3-212B-4348-9E2F-735CB1A4D576}"
EndProject
Project("{2150E333-8FDC-42A3-9474-1A3956D46DE8}") = "log4cpp", "log4cpp", "{2D5E1308-7B1F-45FB-AB5E-CC7C31FCFF03}"
EndProject
Project("{2150E333-8FDC-42A3-9474-1A3956D46DE8}") = "x86", "x86", "{45B188CB-CCF2-478F-8F32-9031D8D114FD}"
EndProject
Project("{2150E333-8FDC-42A3-9474-1A3956D46DE8}") = "Debug", "Debug", "{9A18A1DD-C355-44FE-9A85-3AA9ADE1A812}"
	ProjectSection(SolutionItems) = preProject
		libs\log4cpp\x86\Debug\log4cpp.dll = libs\log4cpp\x86\Debug\log4cpp.dll
		libs\log4cpp\x86\Debug\log4cpp.lib = libs\log4cpp\x86\Debug\log4cpp.lib
	EndProjectSection
EndProject
Project("{2150E333-8FDC-42A3-9474-1A3956D46DE8}") = "Release", "Release", "{5E824622-2B92-44BB-84DF-8562AF30D690}"
	ProjectSection(SolutionItems) = preProject
		libs\log4cpp\x86\Release\log4cpp.dll = libs\log4cpp\x86\Release\log4cpp.dll
		libs\log4cpp\x86\Release\log4cpp.lib = libs\log4cpp\x86\Release\log4cpp.lib
	EndProjectSection
EndProject
Project("{2150E333-8FDC-42A3-9474-1A3956D46DE8}") = "x64", "x64", "{246AAC5E-759A-4E24-BEE5-B6A21DDC4EBE}"
EndProject
Project("{2150E333-8FDC-42A3-9474-1A3956D46DE8}") = "Debug", "Debug", "{AFD8563B-A67C-4001-922C-41C279D2A0A8}"
	ProjectSection(SolutionItems) = preProject
		libs\log4cpp\x64\Debug\log4cpp.dll = libs\log4cpp\x64\Debug\log4cpp.dll
		libs\log4cpp\x64\Debug\log4cpp.lib = libs\log4cpp\x64\Debug\log4cpp.lib
	EndProjectSection
EndProject
Project("{2150E333-8FDC-42A3-9474-1A3956D46DE8}") = "Release", "Release", "{BB8239DE-0348-463D-830F-79404EA38703}"
	ProjectSection(SolutionItems) = preProject
		libs\log4cpp\x64\Release\log4cpp.dll = libs\log4cpp\x64\Release\log4cpp.dll
		libs\log4cpp\x64\Release\log4cpp.lib = libs\log4cpp\x64\Release\log4cpp.lib
	EndProjectSection
EndProject
Project("{2150E333-8FDC-42A3-9474-1A3956D46DE8}") = "log4cpp", "log4cpp", "{923CBA39-05AA-4B09-8773-67FBE7D6C04A}"
	ProjectSection(SolutionItems) = preProject
		libs\include\log4cpp\AbortAppender.hh = libs\include\log4cpp\AbortAppender.hh
		libs\include\log4cpp\Appender.hh = libs\include\log4cpp\Appender.hh
		libs\include\log4cpp\AppendersFactory.hh = libs\include\log4cpp\AppendersFactory.hh
		libs\include\log4cpp\AppenderSkeleton.hh = libs\include\log4cpp\AppenderSkeleton.hh
		libs\include\log4cpp\BasicConfigurator.hh = libs\include\log4cpp\BasicConfigurator.hh
		libs\include\log4cpp\BasicLayout.hh = libs\include\log4cpp\BasicLayout.hh
		libs\include\log4cpp\BufferingAppender.hh = libs\include\log4cpp\BufferingAppender.hh
		libs\include\log4cpp\Category.hh = libs\include\log4cpp\Category.hh
		libs\include\log4cpp\CategoryStream.hh = libs\include\log4cpp\CategoryStream.hh
		libs\include\log4cpp\config-MinGW32.h = libs\include\log4cpp\config-MinGW32.h
		libs\include\log4cpp\config-openvms.h = libs\include\log4cpp\config-openvms.h
		libs\include\log4cpp\config-win32-stlport-boost.h = libs\include\log4cpp\config-win32-stlport-boost.h
		libs\include\log4cpp\config-win32.h = libs\include\log4cpp\config-win32.h
		libs\include\log4cpp\Configurator.hh = libs\include\log4cpp\Configurator.hh
		libs\include\log4cpp\convenience.h = libs\include\log4cpp\convenience.h
		libs\include\log4cpp\DailyRollingFileAppender.hh = libs\include\log4cpp\DailyRollingFileAppender.hh
		libs\include\log4cpp\Export.hh = libs\include\log4cpp\Export.hh
		libs\include\log4cpp\FactoryParams.hh = libs\include\log4cpp\FactoryParams.hh
		libs\include\log4cpp\FileAppender.hh = libs\include\log4cpp\FileAppender.hh
		libs\include\log4cpp\Filter.hh = libs\include\log4cpp\Filter.hh
		libs\include\log4cpp\FixedContextCategory.hh = libs\include\log4cpp\FixedContextCategory.hh
		libs\include\log4cpp\HierarchyMaintainer.hh = libs\include\log4cpp\HierarchyMaintainer.hh
		libs\include\log4cpp\IdsaAppender.hh = libs\include\log4cpp\IdsaAppender.hh
		libs\include\log4cpp\Layout.hh = libs\include\log4cpp\Layout.hh
		libs\include\log4cpp\LayoutAppender.hh = libs\include\log4cpp\LayoutAppender.hh
		libs\include\log4cpp\LayoutsFactory.hh = libs\include\log4cpp\LayoutsFactory.hh
		libs\include\log4cpp\LevelEvaluator.hh = libs\include\log4cpp\LevelEvaluator.hh
		libs\include\log4cpp\LoggingEvent.hh = libs\include\log4cpp\LoggingEvent.hh
		libs\include\log4cpp\Manipulator.hh = libs\include\log4cpp\Manipulator.hh
		libs\include\log4cpp\NDC.hh = libs\include\log4cpp\NDC.hh
		libs\include\log4cpp\NTEventLogAppender.hh = libs\include\log4cpp\NTEventLogAppender.hh
		libs\include\log4cpp\OstreamAppender.hh = libs\include\log4cpp\OstreamAppender.hh
		libs\include\log4cpp\PassThroughLayout.hh = libs\include\log4cpp\PassThroughLayout.hh
		libs\include\log4cpp\PatternLayout.hh = libs\include\log4cpp\PatternLayout.hh
		libs\include\log4cpp\Portability.hh = libs\include\log4cpp\Portability.hh
		libs\include\log4cpp\Priority.hh = libs\include\log4cpp\Priority.hh
		libs\include\log4cpp\PropertyConfigurator.hh = libs\include\log4cpp\PropertyConfigurator.hh
		libs\include\log4cpp\RemoteSyslogAppender.hh = libs\include\log4cpp\RemoteSyslogAppender.hh
		libs\include\log4cpp\RollingFileAppender.hh = libs\include\log4cpp\RollingFileAppender.hh
		libs\include\log4cpp\SimpleConfigurator.hh = libs\include\log4cpp\SimpleConfigurator.hh
		libs\include\log4cpp\SimpleLayout.hh = libs\include\log4cpp\SimpleLayout.hh
		libs\include\log4cpp\SmtpAppender.hh = libs\include\log4cpp\SmtpAppender.hh
		libs\include\log4cpp\StringQueueAppender.hh = libs\include\log4cpp\StringQueueAppender.hh
		libs\include\log4cpp\SyslogAppender.hh = libs\include\log4cpp\SyslogAppender.hh
		libs\include\log4cpp\TimeStamp.hh = libs\include\log4cpp\TimeStamp.hh
		libs\include\log4cpp\TriggeringEventEvaluator.hh = libs\include\log4cpp\TriggeringEventEvaluator.hh
		libs\include\log4cpp\TriggeringEventEvaluatorFactory.hh = libs\include\log4cpp\TriggeringEventEvaluatorFactory.hh
		libs\include\log4cpp\Win32DebugAppender.hh = libs\include\log4cpp\Win32DebugAppender.hh
	EndProjectSection
EndProject
Project("{2150E333-8FDC-42A3-9474-1A3956D46DE8}") = "threading", "threading", "{0F2E7509-F55F-4BAF-9B72-FF477CC50DF5}"
	ProjectSection(SolutionItems) = preProject
		libs\include\log4cpp\threading\BoostThreads.hh = libs\include\log4cpp\threading\BoostThreads.hh
		libs\include\log4cpp\threading\DummyThreads.hh = libs\include\log4cpp\threading\DummyThreads.hh
		libs\include\log4cpp\threading\MSThreads.hh = libs\include\log4cpp\threading\MSThreads.hh
		libs\include\log4cpp\threading\OmniThreads.hh = libs\include\log4cpp\threading\OmniThreads.hh
		libs\include\log4cpp\threading\PThreads.hh = libs\include\log4cpp\threading\PThreads.hh
		libs\include\log4cpp\threading\Threading.hh = libs\include\log4cpp\threading\Threading.hh
	EndProjectSection
EndProject
Project("{2150E333-8FDC-42A3-9474-1A3956D46DE8}") = "backup", "backup", "{8507912C-F653-4658-B594-4D64D408BABE}"
	ProjectSection(SolutionItems) = preProject
		libs\backup\log4cpp.ini = libs\backup\log4cpp.ini
	EndProjectSection
EndProject
Global
	GlobalSection(SolutionConfigurationPlatforms) = preSolution
		Debug|Win32 = Debug|Win32
		Release|Win32 = Release|Win32
	EndGlobalSection
	GlobalSection(ProjectConfigurationPlatforms) = postSolution
		{158E4DF6-2354-4A55-BA3D-8FE8BC264085}.Debug|Win32.ActiveCfg = Debug|Win32
		{158E4DF6-2354-4A55-BA3D-8FE8BC264085}.Debug|Win32.Build.0 = Debug|Win32
		{158E4DF6-2354-4A55-BA3D-8FE8BC264085}.Release|Win32.ActiveCfg = Release|Win32
		{158E4DF6-2354-4A55-BA3D-8FE8BC264085}.Release|Win32.Build.0 = Release|Win32
		{652677B2-0C4E-4BA6-A8BC-BB6A3FE54043}.Debug|Win32.ActiveCfg = Debug|Win32
		{652677B2-0C4E-4BA6-A8BC-BB6A3FE54043}.Debug|Win32.Build.0 = Debug|Win32
		{652677B2-0C4E-4BA6-A8BC-BB6A3FE54043}.Release|Win32.ActiveCfg = Release|Win32
		{652677B2-0C4E-4BA6-A8BC-BB6A3FE54043}.Release|Win32.Build.0 = Release|Win32
	EndGlobalSection
	GlobalSection(SolutionProperties) = preSolution
		HideSolutionNode = FALSE
	EndGlobalSection
	GlobalSection(NestedProjects) = preSolution
		{593BB0E3-212B-4348-9E2F-735CB1A4D576} = {3EB59E1F-BB0E-4277-A92C-67383C9D3114}
		{2D5E1308-7B1F-45FB-AB5E-CC7C31FCFF03} = {3EB59E1F-BB0E-4277-A92C-67383C9D3114}
		{45B188CB-CCF2-478F-8F32-9031D8D114FD} = {2D5E1308-7B1F-45FB-AB5E-CC7C31FCFF03}
		{9A18A1DD-C355-44FE-9A85-3AA9ADE1A812} = {45B188CB-CCF2-478F-8F32-9031D8D114FD}
		{5E824622-2B92-44BB-84DF-8562AF30D690} = {45B188CB-CCF2-478F-8F32-9031D8D114FD}
		{246AAC5E-759A-4E24-BEE5-B6A21DDC4EBE} = {2D5E1308-7B1F-45FB-AB5E-CC7C31FCFF03}
		{AFD8563B-A67C-4001-922C-41C279D2A0A8} = {246AAC5E-759A-4E24-BEE5-B6A21DDC4EBE}
		{BB8239DE-0348-463D-830F-79404EA38703} = {246AAC5E-759A-4E24-BEE5-B6A21DDC4EBE}
		{923CBA39-05AA-4B09-8773-67FBE7D6C04A} = {593BB0E3-212B-4348-9E2F-735CB1A4D576}
		{0F2E7509-F55F-4BAF-9B72-FF477CC50DF5} = {923CBA39-05AA-4B09-8773-67FBE7D6C04A}
		{8507912C-F653-4658-B594-4D64D408BABE} = {3EB59E1F-BB0E-4277-A92C-67383C9D3114}
	EndGlobalSection
EndGlobal
