
Microsoft Visual Studio Solution File, Format Version 12.00
# Visual Studio 14
VisualStudioVersion = 14.0.25420.1
MinimumVisualStudioVersion = 10.0.40219.1
Project("{8BC9CEB8-8B4A-11D0-8D11-00A0C91BC942}") = "StaticLibrary", "StaticLibrary\StaticLibrary.vcxproj", "{F02681BE-B436-4A19-A235-B5778B51E6DC}"
EndProject
Project("{8BC9CEB8-8B4A-11D0-8D11-00A0C91BC942}") = "LibMainTest", "LibMainTest\LibMainTest.vcxproj", "{2AEF7D0D-C834-4073-A1BC-05D2E59BEADA}"
EndProject
Project("{FAE04EC0-301F-11D3-BF4B-00C04F79EFBC}") = "CSharpMainTest", "CSharpMainTest\CSharpMainTest.csproj", "{F99FD2FD-0AA4-4D61-8CFB-203A29557287}"
EndProject
Global
	GlobalSection(SolutionConfigurationPlatforms) = preSolution
		Debug|Any CPU = Debug|Any CPU
		Debug|x64 = Debug|x64
		Debug|x86 = Debug|x86
		Release|Any CPU = Release|Any CPU
		Release|x64 = Release|x64
		Release|x86 = Release|x86
	EndGlobalSection
	GlobalSection(ProjectConfigurationPlatforms) = postSolution
		{F02681BE-B436-4A19-A235-B5778B51E6DC}.Debug|Any CPU.ActiveCfg = Debug|Win32
		{F02681BE-B436-4A19-A235-B5778B51E6DC}.Debug|x64.ActiveCfg = Debug|x64
		{F02681BE-B436-4A19-A235-B5778B51E6DC}.Debug|x64.Build.0 = Debug|x64
		{F02681BE-B436-4A19-A235-B5778B51E6DC}.Debug|x86.ActiveCfg = Debug|Win32
		{F02681BE-B436-4A19-A235-B5778B51E6DC}.Debug|x86.Build.0 = Debug|Win32
		{F02681BE-B436-4A19-A235-B5778B51E6DC}.Release|Any CPU.ActiveCfg = Release|Win32
		{F02681BE-B436-4A19-A235-B5778B51E6DC}.Release|x64.ActiveCfg = Release|x64
		{F02681BE-B436-4A19-A235-B5778B51E6DC}.Release|x64.Build.0 = Release|x64
		{F02681BE-B436-4A19-A235-B5778B51E6DC}.Release|x86.ActiveCfg = Release|Win32
		{F02681BE-B436-4A19-A235-B5778B51E6DC}.Release|x86.Build.0 = Release|Win32
		{2AEF7D0D-C834-4073-A1BC-05D2E59BEADA}.Debug|Any CPU.ActiveCfg = Debug|Win32
		{2AEF7D0D-C834-4073-A1BC-05D2E59BEADA}.Debug|x64.ActiveCfg = Debug|x64
		{2AEF7D0D-C834-4073-A1BC-05D2E59BEADA}.Debug|x64.Build.0 = Debug|x64
		{2AEF7D0D-C834-4073-A1BC-05D2E59BEADA}.Debug|x86.ActiveCfg = Debug|Win32
		{2AEF7D0D-C834-4073-A1BC-05D2E59BEADA}.Debug|x86.Build.0 = Debug|Win32
		{2AEF7D0D-C834-4073-A1BC-05D2E59BEADA}.Release|Any CPU.ActiveCfg = Release|Win32
		{2AEF7D0D-C834-4073-A1BC-05D2E59BEADA}.Release|x64.ActiveCfg = Release|x64
		{2AEF7D0D-C834-4073-A1BC-05D2E59BEADA}.Release|x64.Build.0 = Release|x64
		{2AEF7D0D-C834-4073-A1BC-05D2E59BEADA}.Release|x86.ActiveCfg = Release|Win32
		{2AEF7D0D-C834-4073-A1BC-05D2E59BEADA}.Release|x86.Build.0 = Release|Win32
		{F99FD2FD-0AA4-4D61-8CFB-203A29557287}.Debug|Any CPU.ActiveCfg = Debug|Any CPU
		{F99FD2FD-0AA4-4D61-8CFB-203A29557287}.Debug|Any CPU.Build.0 = Debug|Any CPU
		{F99FD2FD-0AA4-4D61-8CFB-203A29557287}.Debug|x64.ActiveCfg = Debug|Any CPU
		{F99FD2FD-0AA4-4D61-8CFB-203A29557287}.Debug|x64.Build.0 = Debug|Any CPU
		{F99FD2FD-0AA4-4D61-8CFB-203A29557287}.Debug|x86.ActiveCfg = Debug|Any CPU
		{F99FD2FD-0AA4-4D61-8CFB-203A29557287}.Debug|x86.Build.0 = Debug|Any CPU
		{F99FD2FD-0AA4-4D61-8CFB-203A29557287}.Release|Any CPU.ActiveCfg = Release|Any CPU
		{F99FD2FD-0AA4-4D61-8CFB-203A29557287}.Release|Any CPU.Build.0 = Release|Any CPU
		{F99FD2FD-0AA4-4D61-8CFB-203A29557287}.Release|x64.ActiveCfg = Release|Any CPU
		{F99FD2FD-0AA4-4D61-8CFB-203A29557287}.Release|x64.Build.0 = Release|Any CPU
		{F99FD2FD-0AA4-4D61-8CFB-203A29557287}.Release|x86.ActiveCfg = Release|Any CPU
		{F99FD2FD-0AA4-4D61-8CFB-203A29557287}.Release|x86.Build.0 = Release|Any CPU
	EndGlobalSection
	GlobalSection(SolutionProperties) = preSolution
		HideSolutionNode = FALSE
	EndGlobalSection
EndGlobal
