
Microsoft Visual Studio Solution File, Format Version 12.00
# Visual Studio 14
VisualStudioVersion = 14.0.25420.1
MinimumVisualStudioVersion = 10.0.40219.1
Project("{FAE04EC0-301F-11D3-BF4B-00C04F79EFBC}") = "Log4netTest", "Log4netTest\Log4netTest.csproj", "{A81F9353-6DC4-435A-BBBF-86504E8F529A}"
EndProject
Project("{FAE04EC0-301F-11D3-BF4B-00C04F79EFBC}") = "Log4netConfigTest", "Log4netConfigTest\Log4netConfigTest.csproj", "{360B310A-2AA9-40F9-A7C5-AE1F324E8DE9}"
EndProject
Global
	GlobalSection(SolutionConfigurationPlatforms) = preSolution
		Debug|Any CPU = Debug|Any CPU
		Release|Any CPU = Release|Any CPU
	EndGlobalSection
	GlobalSection(ProjectConfigurationPlatforms) = postSolution
		{A81F9353-6DC4-435A-BBBF-86504E8F529A}.Debug|Any CPU.ActiveCfg = Debug|Any CPU
		{A81F9353-6DC4-435A-BBBF-86504E8F529A}.Debug|Any CPU.Build.0 = Debug|Any CPU
		{A81F9353-6DC4-435A-BBBF-86504E8F529A}.Release|Any CPU.ActiveCfg = Release|Any CPU
		{A81F9353-6DC4-435A-BBBF-86504E8F529A}.Release|Any CPU.Build.0 = Release|Any CPU
		{360B310A-2AA9-40F9-A7C5-AE1F324E8DE9}.Debug|Any CPU.ActiveCfg = Debug|Any CPU
		{360B310A-2AA9-40F9-A7C5-AE1F324E8DE9}.Debug|Any CPU.Build.0 = Debug|Any CPU
		{360B310A-2AA9-40F9-A7C5-AE1F324E8DE9}.Release|Any CPU.ActiveCfg = Release|Any CPU
		{360B310A-2AA9-40F9-A7C5-AE1F324E8DE9}.Release|Any CPU.Build.0 = Release|Any CPU
	EndGlobalSection
	GlobalSection(SolutionProperties) = preSolution
		HideSolutionNode = FALSE
	EndGlobalSection
EndGlobal
